<?xml version="1.0"?>
<Project ToolsVersion="4.0" xmlns="http://schemas.microsoft.com/developer/msbuild/2003">
	<ItemGroup>
		<ClCompile Include="src\ofApp.cpp">
			<Filter>src</Filter>
		</ClCompile>
		<ClCompile Include="src\main.cpp">
			<Filter>src</Filter>
		</ClCompile>
		<ClCompile Include="src\main.cpp">
			<Filter>src</Filter>
		</ClCompile>
		<ClCompile Include="src\ofApp.cpp">
			<Filter>src</Filter>
		</ClCompile>
		<ClCompile Include="..\..\..\addons\ofxGui\src\ofxBaseGui.cpp">
			<Filter>addons\ofxGui\src</Filter>
		</ClCompile>
		<ClCompile Include="..\..\..\addons\ofxGui\src\ofxButton.cpp">
			<Filter>addons\ofxGui\src</Filter>
		</ClCompile>
		<ClCompile Include="..\..\..\addons\ofxGui\src\ofxColorPicker.cpp">
			<Filter>addons\ofxGui\src</Filter>
		</ClCompile>
		<ClCompile Include="..\..\..\addons\ofxGui\src\ofxGuiGroup.cpp">
			<Filter>addons\ofxGui\src</Filter>
		</ClCompile>
		<ClCompile Include="..\..\..\addons\ofxGui\src\ofxInputField.cpp">
			<Filter>addons\ofxGui\src</Filter>
		</ClCompile>
		<ClCompile Include="..\..\..\addons\ofxGui\src\ofxLabel.cpp">
			<Filter>addons\ofxGui\src</Filter>
		</ClCompile>
		<ClCompile Include="..\..\..\addons\ofxGui\src\ofxPanel.cpp">
			<Filter>addons\ofxGui\src</Filter>
		</ClCompile>
		<ClCompile Include="..\..\..\addons\ofxGui\src\ofxSlider.cpp">
			<Filter>addons\ofxGui\src</Filter>
		</ClCompile>
		<ClCompile Include="..\..\..\addons\ofxGui\src\ofxSliderGroup.cpp">
			<Filter>addons\ofxGui\src</Filter>
		</ClCompile>
		<ClCompile Include="..\..\..\addons\ofxGui\src\ofxToggle.cpp">
			<Filter>addons\ofxGui\src</Filter>
		</ClCompile>
		<ClCompile Include="..\..\..\addons\ofxJSON\src\ofxJSONElement.cpp">
			<Filter>addons\ofxJSON\src</Filter>
		</ClCompile>
		<ClCompile Include="..\..\..\addons\ofxJSON\libs\jsoncpp\src\jsoncpp.cpp">
			<Filter>addons\ofxJSON\libs\jsoncpp\src</Filter>
		</ClCompile>
		<ClCompile Include="..\..\..\addons\ofxLibwebsockets\libs\ofxLibwebsockets\src\Client.cpp">
			<Filter>addons\ofxLibwebsockets\libs\ofxLibwebsockets\src</Filter>
		</ClCompile>
		<ClCompile Include="..\..\..\addons\ofxLibwebsockets\libs\ofxLibwebsockets\src\Connection.cpp">
			<Filter>addons\ofxLibwebsockets\libs\ofxLibwebsockets\src</Filter>
		</ClCompile>
		<ClCompile Include="..\..\..\addons\ofxLibwebsockets\libs\ofxLibwebsockets\src\Events.cpp">
			<Filter>addons\ofxLibwebsockets\libs\ofxLibwebsockets\src</Filter>
		</ClCompile>
		<ClCompile Include="..\..\..\addons\ofxLibwebsockets\libs\ofxLibwebsockets\src\Protocol.cpp">
			<Filter>addons\ofxLibwebsockets\libs\ofxLibwebsockets\src</Filter>
		</ClCompile>
		<ClCompile Include="..\..\..\addons\ofxLibwebsockets\libs\ofxLibwebsockets\src\Reactor.cpp">
			<Filter>addons\ofxLibwebsockets\libs\ofxLibwebsockets\src</Filter>
		</ClCompile>
		<ClCompile Include="..\..\..\addons\ofxLibwebsockets\libs\ofxLibwebsockets\src\Server.cpp">
			<Filter>addons\ofxLibwebsockets\libs\ofxLibwebsockets\src</Filter>
		</ClCompile>
		<ClCompile Include="..\..\..\addons\ofxLibwebsockets\libs\ofxLibwebsockets\src\Util.cpp">
			<Filter>addons\ofxLibwebsockets\libs\ofxLibwebsockets\src</Filter>
		</ClCompile>
	</ItemGroup>
	<ItemGroup>
		<Filter Include="src">
			<UniqueIdentifier>{d8376475-7454-4a24-b08a-aac121d3ad6f}</UniqueIdentifier>
		</Filter>
		<Filter Include="addons">
			<UniqueIdentifier>{71834F65-F3A9-211E-73B8-DC85}</UniqueIdentifier>
		</Filter>
		<Filter Include="addons\ofxGui">
			<UniqueIdentifier>{4F2A59AF-5F4E-704B-D067-EC13}</UniqueIdentifier>
		</Filter>
		<Filter Include="addons\ofxGui\src">
			<UniqueIdentifier>{645E9533-4DCD-6179-1CDF-CB65}</UniqueIdentifier>
		</Filter>
		<Filter Include="addons\ofxJSON">
			<UniqueIdentifier>{CF86E01B-D8D7-A112-88F3-5883}</UniqueIdentifier>
		</Filter>
		<Filter Include="addons\ofxJSON\src">
			<UniqueIdentifier>{CE83AFE9-FE4A-682E-D5C9-50B4}</UniqueIdentifier>
		</Filter>
		<Filter Include="addons\ofxJSON\libs">
			<UniqueIdentifier>{5302B3F8-ECDD-0465-334A-F39E}</UniqueIdentifier>
		</Filter>
		<Filter Include="addons\ofxJSON\libs\jsoncpp">
			<UniqueIdentifier>{87D6C548-39D9-FD9F-093E-9F4E}</UniqueIdentifier>
		</Filter>
		<Filter Include="addons\ofxJSON\libs\jsoncpp\include">
			<UniqueIdentifier>{0B6CA981-484E-6E8C-776C-7298}</UniqueIdentifier>
		</Filter>
		<Filter Include="addons\ofxJSON\libs\jsoncpp\include\json">
			<UniqueIdentifier>{5FF260B2-1497-3EFE-19D5-40DB}</UniqueIdentifier>
		</Filter>
		<Filter Include="addons\ofxJSON\libs\jsoncpp\src">
			<UniqueIdentifier>{6D569A5B-6719-AEFD-C08E-5CE5}</UniqueIdentifier>
		</Filter>
		<Filter Include="addons\ofxLibwebsockets">
			<UniqueIdentifier>{04A0ABD3-BEB0-79C1-78DC-1B0C}</UniqueIdentifier>
		</Filter>
		<Filter Include="addons\ofxLibwebsockets\src">
			<UniqueIdentifier>{BD45AF89-23CA-D761-87B2-E28B}</UniqueIdentifier>
		</Filter>
		<Filter Include="addons\ofxLibwebsockets\libs">
			<UniqueIdentifier>{93A2255B-E819-7999-658F-5C8B}</UniqueIdentifier>
		</Filter>
		<Filter Include="addons\ofxLibwebsockets\libs\libwebsockets">
			<UniqueIdentifier>{F5CB4033-7B46-FD26-E6BF-225D}</UniqueIdentifier>
		</Filter>
		<Filter Include="addons\ofxLibwebsockets\libs\libwebsockets\include">
			<UniqueIdentifier>{A9821612-3A92-AF18-4416-E910}</UniqueIdentifier>
		</Filter>
		<Filter Include="addons\ofxLibwebsockets\libs\ofxLibwebsockets">
			<UniqueIdentifier>{246E3DDA-BF78-504E-9BF2-6FA8}</UniqueIdentifier>
		</Filter>
		<Filter Include="addons\ofxLibwebsockets\libs\ofxLibwebsockets\include">
			<UniqueIdentifier>{D876D8D2-B863-D307-0F4A-F791}</UniqueIdentifier>
		</Filter>
		<Filter Include="addons\ofxLibwebsockets\libs\ofxLibwebsockets\include\ofxLibwebsockets">
			<UniqueIdentifier>{A5834E6F-4120-53E7-CD52-711C}</UniqueIdentifier>
		</Filter>
		<Filter Include="addons\ofxLibwebsockets\libs\ofxLibwebsockets\src">
			<UniqueIdentifier>{D616296F-164E-00EF-4F39-D224}</UniqueIdentifier>
		</Filter>
		<Filter Include="addons\ofxLibwebsockets\libs\openssl">
			<UniqueIdentifier>{A301641F-B041-8B9F-B9AC-C815}</UniqueIdentifier>
		</Filter>
		<Filter Include="addons\ofxLibwebsockets\libs\openssl\include">
			<UniqueIdentifier>{037AAB95-9DEF-B7CC-3AC6-55F1}</UniqueIdentifier>
		</Filter>
		<Filter Include="addons\ofxLibwebsockets\libs\openssl\include\openssl">
			<UniqueIdentifier>{C3694B6E-D2BB-EDB4-C834-BD6F}</UniqueIdentifier>
		</Filter>
	</ItemGroup>
	<ItemGroup>
		<ClInclude Include="src\ofApp.h">
			<Filter>src</Filter>
		</ClInclude>
		<ClInclude Include="src\ofApp.h">
			<Filter>src</Filter>
		</ClInclude>
		<ClInclude Include="..\..\..\addons\ofxGui\src\ofxBaseGui.h">
			<Filter>addons\ofxGui\src</Filter>
		</ClInclude>
		<ClInclude Include="..\..\..\addons\ofxGui\src\ofxButton.h">
			<Filter>addons\ofxGui\src</Filter>
		</ClInclude>
		<ClInclude Include="..\..\..\addons\ofxGui\src\ofxColorPicker.h">
			<Filter>addons\ofxGui\src</Filter>
		</ClInclude>
		<ClInclude Include="..\..\..\addons\ofxGui\src\ofxGui.h">
			<Filter>addons\ofxGui\src</Filter>
		</ClInclude>
		<ClInclude Include="..\..\..\addons\ofxGui\src\ofxGuiGroup.h">
			<Filter>addons\ofxGui\src</Filter>
		</ClInclude>
		<ClInclude Include="..\..\..\addons\ofxGui\src\ofxGuiUtils.h">
			<Filter>addons\ofxGui\src</Filter>
		</ClInclude>
		<ClInclude Include="..\..\..\addons\ofxGui\src\ofxInputField.h">
			<Filter>addons\ofxGui\src</Filter>
		</ClInclude>
		<ClInclude Include="..\..\..\addons\ofxGui\src\ofxLabel.h">
			<Filter>addons\ofxGui\src</Filter>
		</ClInclude>
		<ClInclude Include="..\..\..\addons\ofxGui\src\ofxPanel.h">
			<Filter>addons\ofxGui\src</Filter>
		</ClInclude>
		<ClInclude Include="..\..\..\addons\ofxGui\src\ofxSlider.h">
			<Filter>addons\ofxGui\src</Filter>
		</ClInclude>
		<ClInclude Include="..\..\..\addons\ofxGui\src\ofxSliderGroup.h">
			<Filter>addons\ofxGui\src</Filter>
		</ClInclude>
		<ClInclude Include="..\..\..\addons\ofxGui\src\ofxToggle.h">
			<Filter>addons\ofxGui\src</Filter>
		</ClInclude>
		<ClInclude Include="..\..\..\addons\ofxJSON\src\ofxJSON.h">
			<Filter>addons\ofxJSON\src</Filter>
		</ClInclude>
		<ClInclude Include="..\..\..\addons\ofxJSON\src\ofxJSONElement.h">
			<Filter>addons\ofxJSON\src</Filter>
		</ClInclude>
		<ClInclude Include="..\..\..\addons\ofxJSON\libs\jsoncpp\include\json\json-forwards.h">
			<Filter>addons\ofxJSON\libs\jsoncpp\include\json</Filter>
		</ClInclude>
		<ClInclude Include="..\..\..\addons\ofxJSON\libs\jsoncpp\include\json\json.h">
			<Filter>addons\ofxJSON\libs\jsoncpp\include\json</Filter>
		</ClInclude>
		<ClInclude Include="..\..\..\addons\ofxLibwebsockets\src\ofxLibwebsockets.h">
			<Filter>addons\ofxLibwebsockets\src</Filter>
		</ClInclude>
		<ClInclude Include="..\..\..\addons\ofxLibwebsockets\libs\libwebsockets\include\libwebsockets.h">
			<Filter>addons\ofxLibwebsockets\libs\libwebsockets\include</Filter>
		</ClInclude>
		<ClInclude Include="..\..\..\addons\ofxLibwebsockets\libs\libwebsockets\include\lws_config.h">
			<Filter>addons\ofxLibwebsockets\libs\libwebsockets\include</Filter>
		</ClInclude>
		<ClInclude Include="..\..\..\addons\ofxLibwebsockets\libs\ofxLibwebsockets\include\ofxLibwebsockets\Client.h">
			<Filter>addons\ofxLibwebsockets\libs\ofxLibwebsockets\include\ofxLibwebsockets</Filter>
		</ClInclude>
		<ClInclude Include="..\..\..\addons\ofxLibwebsockets\libs\ofxLibwebsockets\include\ofxLibwebsockets\Connection.h">
			<Filter>addons\ofxLibwebsockets\libs\ofxLibwebsockets\include\ofxLibwebsockets</Filter>
		</ClInclude>
		<ClInclude Include="..\..\..\addons\ofxLibwebsockets\libs\ofxLibwebsockets\include\ofxLibwebsockets\Events.h">
			<Filter>addons\ofxLibwebsockets\libs\ofxLibwebsockets\include\ofxLibwebsockets</Filter>
		</ClInclude>
		<ClInclude Include="..\..\..\addons\ofxLibwebsockets\libs\ofxLibwebsockets\include\ofxLibwebsockets\Protocol.h">
			<Filter>addons\ofxLibwebsockets\libs\ofxLibwebsockets\include\ofxLibwebsockets</Filter>
		</ClInclude>
		<ClInclude Include="..\..\..\addons\ofxLibwebsockets\libs\ofxLibwebsockets\include\ofxLibwebsockets\Reactor.h">
			<Filter>addons\ofxLibwebsockets\libs\ofxLibwebsockets\include\ofxLibwebsockets</Filter>
		</ClInclude>
		<ClInclude Include="..\..\..\addons\ofxLibwebsockets\libs\ofxLibwebsockets\include\ofxLibwebsockets\Server.h">
			<Filter>addons\ofxLibwebsockets\libs\ofxLibwebsockets\include\ofxLibwebsockets</Filter>
		</ClInclude>
		<ClInclude Include="..\..\..\addons\ofxLibwebsockets\libs\ofxLibwebsockets\include\ofxLibwebsockets\Util.h">
			<Filter>addons\ofxLibwebsockets\libs\ofxLibwebsockets\include\ofxLibwebsockets</Filter>
		</ClInclude>
		<ClInclude Include="..\..\..\addons\ofxLibwebsockets\libs\openssl\include\openssl\aes.h">
			<Filter>addons\ofxLibwebsockets\libs\openssl\include\openssl</Filter>
		</ClInclude>
		<ClInclude Include="..\..\..\addons\ofxLibwebsockets\libs\openssl\include\openssl\asn1.h">
			<Filter>addons\ofxLibwebsockets\libs\openssl\include\openssl</Filter>
		</ClInclude>
		<ClInclude Include="..\..\..\addons\ofxLibwebsockets\libs\openssl\include\openssl\asn1t.h">
			<Filter>addons\ofxLibwebsockets\libs\openssl\include\openssl</Filter>
		</ClInclude>
		<ClInclude Include="..\..\..\addons\ofxLibwebsockets\libs\openssl\include\openssl\asn1_mac.h">
			<Filter>addons\ofxLibwebsockets\libs\openssl\include\openssl</Filter>
		</ClInclude>
		<ClInclude Include="..\..\..\addons\ofxLibwebsockets\libs\openssl\include\openssl\bio.h">
			<Filter>addons\ofxLibwebsockets\libs\openssl\include\openssl</Filter>
		</ClInclude>
		<ClInclude Include="..\..\..\addons\ofxLibwebsockets\libs\openssl\include\openssl\blowfish.h">
			<Filter>addons\ofxLibwebsockets\libs\openssl\include\openssl</Filter>
		</ClInclude>
		<ClInclude Include="..\..\..\addons\ofxLibwebsockets\libs\openssl\include\openssl\bn.h">
			<Filter>addons\ofxLibwebsockets\libs\openssl\include\openssl</Filter>
		</ClInclude>
		<ClInclude Include="..\..\..\addons\ofxLibwebsockets\libs\openssl\include\openssl\buffer.h">
			<Filter>addons\ofxLibwebsockets\libs\openssl\include\openssl</Filter>
		</ClInclude>
		<ClInclude Include="..\..\..\addons\ofxLibwebsockets\libs\openssl\include\openssl\camellia.h">
			<Filter>addons\ofxLibwebsockets\libs\openssl\include\openssl</Filter>
		</ClInclude>
		<ClInclude Include="..\..\..\addons\ofxLibwebsockets\libs\openssl\include\openssl\cast.h">
			<Filter>addons\ofxLibwebsockets\libs\openssl\include\openssl</Filter>
		</ClInclude>
		<ClInclude Include="..\..\..\addons\ofxLibwebsockets\libs\openssl\include\openssl\cmac.h">
			<Filter>addons\ofxLibwebsockets\libs\openssl\include\openssl</Filter>
		</ClInclude>
		<ClInclude Include="..\..\..\addons\ofxLibwebsockets\libs\openssl\include\openssl\cms.h">
			<Filter>addons\ofxLibwebsockets\libs\openssl\include\openssl</Filter>
		</ClInclude>
		<ClInclude Include="..\..\..\addons\ofxLibwebsockets\libs\openssl\include\openssl\comp.h">
			<Filter>addons\ofxLibwebsockets\libs\openssl\include\openssl</Filter>
		</ClInclude>
		<ClInclude Include="..\..\..\addons\ofxLibwebsockets\libs\openssl\include\openssl\conf.h">
			<Filter>addons\ofxLibwebsockets\libs\openssl\include\openssl</Filter>
		</ClInclude>
		<ClInclude Include="..\..\..\addons\ofxLibwebsockets\libs\openssl\include\openssl\conf_api.h">
			<Filter>addons\ofxLibwebsockets\libs\openssl\include\openssl</Filter>
		</ClInclude>
		<ClInclude Include="..\..\..\addons\ofxLibwebsockets\libs\openssl\include\openssl\crypto.h">
			<Filter>addons\ofxLibwebsockets\libs\openssl\include\openssl</Filter>
		</ClInclude>
		<ClInclude Include="..\..\..\addons\ofxLibwebsockets\libs\openssl\include\openssl\des.h">
			<Filter>addons\ofxLibwebsockets\libs\openssl\include\openssl</Filter>
		</ClInclude>
		<ClInclude Include="..\..\..\addons\ofxLibwebsockets\libs\openssl\include\openssl\des_old.h">
			<Filter>addons\ofxLibwebsockets\libs\openssl\include\openssl</Filter>
		</ClInclude>
		<ClInclude Include="..\..\..\addons\ofxLibwebsockets\libs\openssl\include\openssl\dh.h">
			<Filter>addons\ofxLibwebsockets\libs\openssl\include\openssl</Filter>
		</ClInclude>
		<ClInclude Include="..\..\..\addons\ofxLibwebsockets\libs\openssl\include\openssl\dsa.h">
			<Filter>addons\ofxLibwebsockets\libs\openssl\include\openssl</Filter>
		</ClInclude>
		<ClInclude Include="..\..\..\addons\ofxLibwebsockets\libs\openssl\include\openssl\dso.h">
			<Filter>addons\ofxLibwebsockets\libs\openssl\include\openssl</Filter>
		</ClInclude>
		<ClInclude Include="..\..\..\addons\ofxLibwebsockets\libs\openssl\include\openssl\dtls1.h">
			<Filter>addons\ofxLibwebsockets\libs\openssl\include\openssl</Filter>
		</ClInclude>
		<ClInclude Include="..\..\..\addons\ofxLibwebsockets\libs\openssl\include\openssl\ebcdic.h">
			<Filter>addons\ofxLibwebsockets\libs\openssl\include\openssl</Filter>
		</ClInclude>
		<ClInclude Include="..\..\..\addons\ofxLibwebsockets\libs\openssl\include\openssl\ec.h">
			<Filter>addons\ofxLibwebsockets\libs\openssl\include\openssl</Filter>
		</ClInclude>
		<ClInclude Include="..\..\..\addons\ofxLibwebsockets\libs\openssl\include\openssl\ecdh.h">
			<Filter>addons\ofxLibwebsockets\libs\openssl\include\openssl</Filter>
		</ClInclude>
		<ClInclude Include="..\..\..\addons\ofxLibwebsockets\libs\openssl\include\openssl\ecdsa.h">
			<Filter>addons\ofxLibwebsockets\libs\openssl\include\openssl</Filter>
		</ClInclude>
		<ClInclude Include="..\..\..\addons\ofxLibwebsockets\libs\openssl\include\openssl\engine.h">
			<Filter>addons\ofxLibwebsockets\libs\openssl\include\openssl</Filter>
		</ClInclude>
		<ClInclude Include="..\..\..\addons\ofxLibwebsockets\libs\openssl\include\openssl\err.h">
			<Filter>addons\ofxLibwebsockets\libs\openssl\include\openssl</Filter>
		</ClInclude>
		<ClInclude Include="..\..\..\addons\ofxLibwebsockets\libs\openssl\include\openssl\evp.h">
			<Filter>addons\ofxLibwebsockets\libs\openssl\include\openssl</Filter>
		</ClInclude>
		<ClInclude Include="..\..\..\addons\ofxLibwebsockets\libs\openssl\include\openssl\e_os2.h">
			<Filter>addons\ofxLibwebsockets\libs\openssl\include\openssl</Filter>
		</ClInclude>
		<ClInclude Include="..\..\..\addons\ofxLibwebsockets\libs\openssl\include\openssl\hmac.h">
			<Filter>addons\ofxLibwebsockets\libs\openssl\include\openssl</Filter>
		</ClInclude>
		<ClInclude Include="..\..\..\addons\ofxLibwebsockets\libs\openssl\include\openssl\idea.h">
			<Filter>addons\ofxLibwebsockets\libs\openssl\include\openssl</Filter>
		</ClInclude>
		<ClInclude Include="..\..\..\addons\ofxLibwebsockets\libs\openssl\include\openssl\krb5_asn.h">
			<Filter>addons\ofxLibwebsockets\libs\openssl\include\openssl</Filter>
		</ClInclude>
		<ClInclude Include="..\..\..\addons\ofxLibwebsockets\libs\openssl\include\openssl\kssl.h">
			<Filter>addons\ofxLibwebsockets\libs\openssl\include\openssl</Filter>
		</ClInclude>
		<ClInclude Include="..\..\..\addons\ofxLibwebsockets\libs\openssl\include\openssl\lhash.h">
			<Filter>addons\ofxLibwebsockets\libs\openssl\include\openssl</Filter>
		</ClInclude>
		<ClInclude Include="..\..\..\addons\ofxLibwebsockets\libs\openssl\include\openssl\md4.h">
			<Filter>addons\ofxLibwebsockets\libs\openssl\include\openssl</Filter>
		</ClInclude>
		<ClInclude Include="..\..\..\addons\ofxLibwebsockets\libs\openssl\include\openssl\md5.h">
			<Filter>addons\ofxLibwebsockets\libs\openssl\include\openssl</Filter>
		</ClInclude>
		<ClInclude Include="..\..\..\addons\ofxLibwebsockets\libs\openssl\include\openssl\mdc2.h">
			<Filter>addons\ofxLibwebsockets\libs\openssl\include\openssl</Filter>
		</ClInclude>
		<ClInclude Include="..\..\..\addons\ofxLibwebsockets\libs\openssl\include\openssl\modes.h">
			<Filter>addons\ofxLibwebsockets\libs\openssl\include\openssl</Filter>
		</ClInclude>
		<ClInclude Include="..\..\..\addons\ofxLibwebsockets\libs\openssl\include\openssl\objects.h">
			<Filter>addons\ofxLibwebsockets\libs\openssl\include\openssl</Filter>
		</ClInclude>
		<ClInclude Include="..\..\..\addons\ofxLibwebsockets\libs\openssl\include\openssl\obj_mac.h">
			<Filter>addons\ofxLibwebsockets\libs\openssl\include\openssl</Filter>
		</ClInclude>
		<ClInclude Include="..\..\..\addons\ofxLibwebsockets\libs\openssl\include\openssl\ocsp.h">
			<Filter>addons\ofxLibwebsockets\libs\openssl\include\openssl</Filter>
		</ClInclude>
		<ClInclude Include="..\..\..\addons\ofxLibwebsockets\libs\openssl\include\openssl\opensslconf.h">
			<Filter>addons\ofxLibwebsockets\libs\openssl\include\openssl</Filter>
		</ClInclude>
		<ClInclude Include="..\..\..\addons\ofxLibwebsockets\libs\openssl\include\openssl\opensslv.h">
			<Filter>addons\ofxLibwebsockets\libs\openssl\include\openssl</Filter>
		</ClInclude>
		<ClInclude Include="..\..\..\addons\ofxLibwebsockets\libs\openssl\include\openssl\ossl_typ.h">
			<Filter>addons\ofxLibwebsockets\libs\openssl\include\openssl</Filter>
		</ClInclude>
		<ClInclude Include="..\..\..\addons\ofxLibwebsockets\libs\openssl\include\openssl\pem.h">
			<Filter>addons\ofxLibwebsockets\libs\openssl\include\openssl</Filter>
		</ClInclude>
		<ClInclude Include="..\..\..\addons\ofxLibwebsockets\libs\openssl\include\openssl\pem2.h">
			<Filter>addons\ofxLibwebsockets\libs\openssl\include\openssl</Filter>
		</ClInclude>
		<ClInclude Include="..\..\..\addons\ofxLibwebsockets\libs\openssl\include\openssl\pkcs12.h">
			<Filter>addons\ofxLibwebsockets\libs\openssl\include\openssl</Filter>
		</ClInclude>
		<ClInclude Include="..\..\..\addons\ofxLibwebsockets\libs\openssl\include\openssl\pkcs7.h">
			<Filter>addons\ofxLibwebsockets\libs\openssl\include\openssl</Filter>
		</ClInclude>
		<ClInclude Include="..\..\..\addons\ofxLibwebsockets\libs\openssl\include\openssl\pqueue.h">
			<Filter>addons\ofxLibwebsockets\libs\openssl\include\openssl</Filter>
		</ClInclude>
		<ClInclude Include="..\..\..\addons\ofxLibwebsockets\libs\openssl\include\openssl\rand.h">
			<Filter>addons\ofxLibwebsockets\libs\openssl\include\openssl</Filter>
		</ClInclude>
		<ClInclude Include="..\..\..\addons\ofxLibwebsockets\libs\openssl\include\openssl\rc2.h">
			<Filter>addons\ofxLibwebsockets\libs\openssl\include\openssl</Filter>
		</ClInclude>
		<ClInclude Include="..\..\..\addons\ofxLibwebsockets\libs\openssl\include\openssl\rc4.h">
			<Filter>addons\ofxLibwebsockets\libs\openssl\include\openssl</Filter>
		</ClInclude>
		<ClInclude Include="..\..\..\addons\ofxLibwebsockets\libs\openssl\include\openssl\ripemd.h">
			<Filter>addons\ofxLibwebsockets\libs\openssl\include\openssl</Filter>
		</ClInclude>
		<ClInclude Include="..\..\..\addons\ofxLibwebsockets\libs\openssl\include\openssl\rsa.h">
			<Filter>addons\ofxLibwebsockets\libs\openssl\include\openssl</Filter>
		</ClInclude>
		<ClInclude Include="..\..\..\addons\ofxLibwebsockets\libs\openssl\include\openssl\safestack.h">
			<Filter>addons\ofxLibwebsockets\libs\openssl\include\openssl</Filter>
		</ClInclude>
		<ClInclude Include="..\..\..\addons\ofxLibwebsockets\libs\openssl\include\openssl\seed.h">
			<Filter>addons\ofxLibwebsockets\libs\openssl\include\openssl</Filter>
		</ClInclude>
		<ClInclude Include="..\..\..\addons\ofxLibwebsockets\libs\openssl\include\openssl\sha.h">
			<Filter>addons\ofxLibwebsockets\libs\openssl\include\openssl</Filter>
		</ClInclude>
		<ClInclude Include="..\..\..\addons\ofxLibwebsockets\libs\openssl\include\openssl\srp.h">
			<Filter>addons\ofxLibwebsockets\libs\openssl\include\openssl</Filter>
		</ClInclude>
		<ClInclude Include="..\..\..\addons\ofxLibwebsockets\libs\openssl\include\openssl\srtp.h">
			<Filter>addons\ofxLibwebsockets\libs\openssl\include\openssl</Filter>
		</ClInclude>
		<ClInclude Include="..\..\..\addons\ofxLibwebsockets\libs\openssl\include\openssl\ssl.h">
			<Filter>addons\ofxLibwebsockets\libs\openssl\include\openssl</Filter>
		</ClInclude>
		<ClInclude Include="..\..\..\addons\ofxLibwebsockets\libs\openssl\include\openssl\ssl2.h">
			<Filter>addons\ofxLibwebsockets\libs\openssl\include\openssl</Filter>
		</ClInclude>
		<ClInclude Include="..\..\..\addons\ofxLibwebsockets\libs\openssl\include\openssl\ssl23.h">
			<Filter>addons\ofxLibwebsockets\libs\openssl\include\openssl</Filter>
		</ClInclude>
		<ClInclude Include="..\..\..\addons\ofxLibwebsockets\libs\openssl\include\openssl\ssl3.h">
			<Filter>addons\ofxLibwebsockets\libs\openssl\include\openssl</Filter>
		</ClInclude>
		<ClInclude Include="..\..\..\addons\ofxLibwebsockets\libs\openssl\include\openssl\stack.h">
			<Filter>addons\ofxLibwebsockets\libs\openssl\include\openssl</Filter>
		</ClInclude>
		<ClInclude Include="..\..\..\addons\ofxLibwebsockets\libs\openssl\include\openssl\symhacks.h">
			<Filter>addons\ofxLibwebsockets\libs\openssl\include\openssl</Filter>
		</ClInclude>
		<ClInclude Include="..\..\..\addons\ofxLibwebsockets\libs\openssl\include\openssl\tls1.h">
			<Filter>addons\ofxLibwebsockets\libs\openssl\include\openssl</Filter>
		</ClInclude>
		<ClInclude Include="..\..\..\addons\ofxLibwebsockets\libs\openssl\include\openssl\ts.h">
			<Filter>addons\ofxLibwebsockets\libs\openssl\include\openssl</Filter>
		</ClInclude>
		<ClInclude Include="..\..\..\addons\ofxLibwebsockets\libs\openssl\include\openssl\txt_db.h">
			<Filter>addons\ofxLibwebsockets\libs\openssl\include\openssl</Filter>
		</ClInclude>
		<ClInclude Include="..\..\..\addons\ofxLibwebsockets\libs\openssl\include\openssl\ui.h">
			<Filter>addons\ofxLibwebsockets\libs\openssl\include\openssl</Filter>
		</ClInclude>
		<ClInclude Include="..\..\..\addons\ofxLibwebsockets\libs\openssl\include\openssl\ui_compat.h">
			<Filter>addons\ofxLibwebsockets\libs\openssl\include\openssl</Filter>
		</ClInclude>
		<ClInclude Include="..\..\..\addons\ofxLibwebsockets\libs\openssl\include\openssl\whrlpool.h">
			<Filter>addons\ofxLibwebsockets\libs\openssl\include\openssl</Filter>
		</ClInclude>
		<ClInclude Include="..\..\..\addons\ofxLibwebsockets\libs\openssl\include\openssl\x509.h">
			<Filter>addons\ofxLibwebsockets\libs\openssl\include\openssl</Filter>
		</ClInclude>
		<ClInclude Include="..\..\..\addons\ofxLibwebsockets\libs\openssl\include\openssl\x509v3.h">
			<Filter>addons\ofxLibwebsockets\libs\openssl\include\openssl</Filter>
		</ClInclude>
		<ClInclude Include="..\..\..\addons\ofxLibwebsockets\libs\openssl\include\openssl\x509_vfy.h">
			<Filter>addons\ofxLibwebsockets\libs\openssl\include\openssl</Filter>
		</ClInclude>
	</ItemGroup>
	<ItemGroup>
		<ResourceCompile Include="icon.rc" />
	</ItemGroup>
</Project>
